// !$*UTF8*$!
{
	archiveVersion = 1;
	classes = {
	};
	objectVersion = 50;
	objects = {

/* Begin PBXBuildFile section */
		6417603424403F5F00B13367 /* AppDelegate.swift in Sources */ = {isa = PBXBuildFile; fileRef = 6417603324403F5F00B13367 /* AppDelegate.swift */; };
		6417603624403F5F00B13367 /* SceneDelegate.swift in Sources */ = {isa = PBXBuildFile; fileRef = 6417603524403F5F00B13367 /* SceneDelegate.swift */; };
		6417603824403F5F00B13367 /* ViewController.swift in Sources */ = {isa = PBXBuildFile; fileRef = 6417603724403F5F00B13367 /* ViewController.swift */; };
		6417603B24403F5F00B13367 /* Main.storyboard in Resources */ = {isa = PBXBuildFile; fileRef = 6417603924403F5F00B13367 /* Main.storyboard */; };
		6417603D24403F6300B13367 /* Assets.xcassets in Resources */ = {isa = PBXBuildFile; fileRef = 6417603C24403F6300B13367 /* Assets.xcassets */; };
		6417604024403F6300B13367 /* LaunchScreen.storyboard in Resources */ = {isa = PBXBuildFile; fileRef = 6417603E24403F6300B13367 /* LaunchScreen.storyboard */; };
		6417604B24403F6400B13367 /* TableViewLayoutCardUITests.swift in Sources */ = {isa = PBXBuildFile; fileRef = 6417604A24403F6400B13367 /* TableViewLayoutCardUITests.swift */; };
		6417605724403FD000B13367 /* CustomTableViewCell.swift in Sources */ = {isa = PBXBuildFile; fileRef = 6417605524403FD000B13367 /* CustomTableViewCell.swift */; };
		6417605824403FD000B13367 /* CustomTableViewCell.xib in Resources */ = {isa = PBXBuildFile; fileRef = 6417605624403FD000B13367 /* CustomTableViewCell.xib */; };
/* End PBXBuildFile section */

/* Begin PBXContainerItemProxy section */
		6417604724403F6400B13367 /* PBXContainerItemProxy */ = {
			isa = PBXContainerItemProxy;
			containerPortal = 6417602824403F5F00B13367 /* Project object */;
			proxyType = 1;
			remoteGlobalIDString = 6417602F24403F5F00B13367;
			remoteInfo = TableViewLayoutCard;
		};
/* End PBXContainerItemProxy section */

/* Begin PBXFileReference section */
		6417603024403F5F00B13367 /* TableViewLayoutCard.app */ = {isa = PBXFileReference; explicitFileType = wrapper.application; includeInIndex = 0; path = TableViewLayoutCard.app; sourceTree = BUILT_PRODUCTS_DIR; };
		6417603324403F5F00B13367 /* AppDelegate.swift */ = {isa = PBXFileReference; lastKnownFileType = sourcecode.swift; path = AppDelegate.swift; sourceTree = "<group>"; };
		6417603524403F5F00B13367 /* SceneDelegate.swift */ = {isa = PBXFileReference; lastKnownFileType = sourcecode.swift; path = SceneDelegate.swift; sourceTree = "<group>"; };
		6417603724403F5F00B13367 /* ViewController.swift */ = {isa = PBXFileReference; lastKnownFileType = sourcecode.swift; path = ViewController.swift; sourceTree = "<group>"; };
		6417603A24403F5F00B13367 /* Base */ = {isa = PBXFileReference; lastKnownFileType = file.storyboard; name = Base; path = Base.lproj/Main.storyboard; sourceTree = "<group>"; };
		6417603C24403F6300B13367 /* Assets.xcassets */ = {isa = PBXFileReference; lastKnownFileType = folder.assetcatalog; path = Assets.xcassets; sourceTree = "<group>"; };
		6417603F24403F6300B13367 /* Base */ = {isa = PBXFileReference; lastKnownFileType = file.storyboard; name = Base; path = Base.lproj/LaunchScreen.storyboard; sourceTree = "<group>"; };
		6417604124403F6300B13367 /* Info.plist */ = {isa = PBXFileReference; lastKnownFileType = text.plist.xml; path = Info.plist; sourceTree = "<group>"; };
		6417604624403F6400B13367 /* TableViewLayoutCardUITests.xctest */ = {isa = PBXFileReference; explicitFileType = wrapper.cfbundle; includeInIndex = 0; path = TableViewLayoutCardUITests.xctest; sourceTree = BUILT_PRODUCTS_DIR; };
		6417604A24403F6400B13367 /* TableViewLayoutCardUITests.swift */ = {isa = PBXFileReference; lastKnownFileType = sourcecode.swift; path = TableViewLayoutCardUITests.swift; sourceTree = "<group>"; };
		6417604C24403F6400B13367 /* Info.plist */ = {isa = PBXFileReference; lastKnownFileType = text.plist.xml; path = Info.plist; sourceTree = "<group>"; };
		6417605524403FD000B13367 /* CustomTableViewCell.swift */ = {isa = PBXFileReference; lastKnownFileType = sourcecode.swift; path = CustomTableViewCell.swift; sourceTree = "<group>"; };
		6417605624403FD000B13367 /* CustomTableViewCell.xib */ = {isa = PBXFileReference; lastKnownFileType = file.xib; path = CustomTableViewCell.xib; sourceTree = "<group>"; };
/* End PBXFileReference section */

/* Begin PBXFrameworksBuildPhase section */
		6417602D24403F5F00B13367 /* Frameworks */ = {
			isa = PBXFrameworksBuildPhase;
			buildActionMask = 2147483647;
			files = (
			);
			runOnlyForDeploymentPostprocessing = 0;
		};
		6417604324403F6400B13367 /* Frameworks */ = {
			isa = PBXFrameworksBuildPhase;
			buildActionMask = 2147483647;
			files = (
			);
			runOnlyForDeploymentPostprocessing = 0;
		};
/* End PBXFrameworksBuildPhase section */

/* Begin PBXGroup section */
		6417602724403F5F00B13367 = {
			isa = PBXGroup;
			children = (
				6417603224403F5F00B13367 /* TableViewLayoutCard */,
				6417604924403F6400B13367 /* TableViewLayoutCardUITests */,
				6417603124403F5F00B13367 /* Products */,
			);
			sourceTree = "<group>";
		};
		6417603124403F5F00B13367 /* Products */ = {
			isa = PBXGroup;
			children = (
				6417603024403F5F00B13367 /* TableViewLayoutCard.app */,
				6417604624403F6400B13367 /* TableViewLayoutCardUITests.xctest */,
			);
			name = Products;
			sourceTree = "<group>";
		};
		6417603224403F5F00B13367 /* TableViewLayoutCard */ = {
			isa = PBXGroup;
			children = (
				6417603324403F5F00B13367 /* AppDelegate.swift */,
				6417603524403F5F00B13367 /* SceneDelegate.swift */,
				6417603724403F5F00B13367 /* ViewController.swift */,
				6417603924403F5F00B13367 /* Main.storyboard */,
				6417605524403FD000B13367 /* CustomTableViewCell.swift */,
				6417605624403FD000B13367 /* CustomTableViewCell.xib */,
				6417603C24403F6300B13367 /* Assets.xcassets */,
				6417603E24403F6300B13367 /* LaunchScreen.storyboard */,
				6417604124403F6300B13367 /* Info.plist */,
			);
			path = TableViewLayoutCard;
			sourceTree = "<group>";
		};
		6417604924403F6400B13367 /* TableViewLayoutCardUITests */ = {
			isa = PBXGroup;
			children = (
				6417604A24403F6400B13367 /* TableViewLayoutCardUITests.swift */,
				6417604C24403F6400B13367 /* Info.plist */,
			);
			path = TableViewLayoutCardUITests;
			sourceTree = "<group>";
		};
/* End PBXGroup section */

/* Begin PBXNativeTarget section */
		6417602F24403F5F00B13367 /* TableViewLayoutCard */ = {
			isa = PBXNativeTarget;
			buildConfigurationList = 6417604F24403F6400B13367 /* Build configuration list for PBXNativeTarget "TableViewLayoutCard" */;
			buildPhases = (
				6417602C24403F5F00B13367 /* Sources */,
				6417602D24403F5F00B13367 /* Frameworks */,
				6417602E24403F5F00B13367 /* Resources */,
			);
			buildRules = (
			);
			dependencies = (
			);
			name = TableViewLayoutCard;
			productName = TableViewLayoutCard;
			productReference = 6417603024403F5F00B13367 /* TableViewLayoutCard.app */;
			productType = "com.apple.product-type.application";
		};
		6417604524403F6400B13367 /* TableViewLayoutCardUITests */ = {
			isa = PBXNativeTarget;
			buildConfigurationList = 6417605224403F6400B13367 /* Build configuration list for PBXNativeTarget "TableViewLayoutCardUITests" */;
			buildPhases = (
				6417604224403F6400B13367 /* Sources */,
				6417604324403F6400B13367 /* Frameworks */,
				6417604424403F6400B13367 /* Resources */,
			);
			buildRules = (
			);
			dependencies = (
				6417604824403F6400B13367 /* PBXTargetDependency */,
			);
			name = TableViewLayoutCardUITests;
			productName = TableViewLayoutCardUITests;
			productReference = 6417604624403F6400B13367 /* TableViewLayoutCardUITests.xctest */;
			productType = "com.apple.product-type.bundle.ui-testing";
		};
/* End PBXNativeTarget section */

/* Begin PBXProject section */
		6417602824403F5F00B13367 /* Project object */ = {
			isa = PBXProject;
			attributes = {
				LastSwiftUpdateCheck = 1140;
				LastUpgradeCheck = 1140;
				ORGANIZATIONNAME = Kddi;
				TargetAttributes = {
					6417602F24403F5F00B13367 = {
						CreatedOnToolsVersion = 11.4;
					};
					6417604524403F6400B13367 = {
						CreatedOnToolsVersion = 11.4;
						TestTargetID = 6417602F24403F5F00B13367;
					};
				};
			};
			buildConfigurationList = 6417602B24403F5F00B13367 /* Build configuration list for PBXProject "TableViewLayoutCard" */;
			compatibilityVersion = "Xcode 9.3";
			developmentRegion = en;
			hasScannedForEncodings = 0;
			knownRegions = (
				en,
				Base,
			);
			mainGroup = 6417602724403F5F00B13367;
			productRefGroup = 6417603124403F5F00B13367 /* Products */;
			projectDirPath = "";
			projectRoot = "";
			targets = (
				6417602F24403F5F00B13367 /* TableViewLayoutCard */,
				6417604524403F6400B13367 /* TableViewLayoutCardUITests */,
			);
		};
/* End PBXProject section */

/* Begin PBXResourcesBuildPhase section */
		6417602E24403F5F00B13367 /* Resources */ = {
			isa = PBXResourcesBuildPhase;
			buildActionMask = 2147483647;
			files = (
				6417604024403F6300B13367 /* LaunchScreen.storyboard in Resources */,
				6417603D24403F6300B13367 /* Assets.xcassets in Resources */,
				6417605824403FD000B13367 /* CustomTableViewCell.xib in Resources */,
				6417603B24403F5F00B13367 /* Main.storyboard in Resources */,
			);
			runOnlyForDeploymentPostprocessing = 0;
		};
		6417604424403F6400B13367 /* Resources */ = {
			isa = PBXResourcesBuildPhase;
			buildActionMask = 2147483647;
			files = (
			);
			runOnlyForDeploymentPostprocessing = 0;
		};
/* End PBXResourcesBuildPhase section */

/* Begin PBXSourcesBuildPhase section */
		6417602C24403F5F00B13367 /* Sources */ = {
			isa = PBXSourcesBuildPhase;
			buildActionMask = 2147483647;
			files = (
				6417603824403F5F00B13367 /* ViewController.swift in Sources */,
				6417603424403F5F00B13367 /* AppDelegate.swift in Sources */,
				6417605724403FD000B13367 /* CustomTableViewCell.swift in Sources */,
				6417603624403F5F00B13367 /* SceneDelegate.swift in Sources */,
			);
			runOnlyForDeploymentPostprocessing = 0;
		};
		6417604224403F6400B13367 /* Sources */ = {
			isa = PBXSourcesBuildPhase;
			buildActionMask = 2147483647;
			files = (
				6417604B24403F6400B13367 /* TableViewLayoutCardUITests.swift in Sources */,
			);
			runOnlyForDeploymentPostprocessing = 0;
		};
/* End PBXSourcesBuildPhase section */

/* Begin PBXTargetDependency section */
		6417604824403F6400B13367 /* PBXTargetDependency */ = {
			isa = PBXTargetDependency;
			target = 6417602F24403F5F00B13367 /* TableViewLayoutCard */;
			targetProxy = 6417604724403F6400B13367 /* PBXContainerItemProxy */;
		};
/* End PBXTargetDependency section */

/* Begin PBXVariantGroup section */
		6417603924403F5F00B13367 /* Main.storyboard */ = {
			isa = PBXVariantGroup;
			children = (
				6417603A24403F5F00B13367 /* Base */,
			);
			name = Main.storyboard;
			sourceTree = "<group>";
		};
		6417603E24403F6300B13367 /* LaunchScreen.storyboard */ = {
			isa = PBXVariantGroup;
			children = (
				6417603F24403F6300B13367 /* Base */,
			);
			name = LaunchScreen.storyboard;
			sourceTree = "<group>";
		};
/* End PBXVariantGroup section */

/* Begin XCBuildConfiguration section */
		6417604D24403F6400B13367 /* Debug */ = {
			isa = XCBuildConfiguration;
			buildSettings = {
				ALWAYS_SEARCH_USER_PATHS = NO;
				CLANG_ANALYZER_NONNULL = YES;
				CLANG_ANALYZER_NUMBER_OBJECT_CONVERSION = YES_AGGRESSIVE;
				CLANG_CXX_LANGUAGE_STANDARD = "gnu++14";
				CLANG_CXX_LIBRARY = "libc++";
				CLANG_ENABLE_MODULES = YES;
				CLANG_ENABLE_OBJC_ARC = YES;
				CLANG_ENABLE_OBJC_WEAK = YES;
				CLANG_WARN_BLOCK_CAPTURE_AUTORELEASING = YES;
				CLANG_WARN_BOOL_CONVERSION = YES;
				CLANG_WARN_COMMA = YES;
				CLANG_WARN_CONSTANT_CONVERSION = YES;
				CLANG_WARN_DEPRECATED_OBJC_IMPLEMENTATIONS = YES;
				CLANG_WARN_DIRECT_OBJC_ISA_USAGE = YES_ERROR;
				CLANG_WARN_DOCUMENTATION_COMMENTS = YES;
				CLANG_WARN_EMPTY_BODY = YES;
				CLANG_WARN_ENUM_CONVERSION = YES;
				CLANG_WARN_INFINITE_RECURSION = YES;
				CLANG_WARN_INT_CONVERSION = YES;
				CLANG_WARN_NON_LITERAL_NULL_CONVERSION = YES;
				CLANG_WARN_OBJC_IMPLICIT_RETAIN_SELF = YES;
				CLANG_WARN_OBJC_LITERAL_CONVERSION = YES;
				CLANG_WARN_OBJC_ROOT_CLASS = YES_ERROR;
				CLANG_WARN_RANGE_LOOP_ANALYSIS = YES;
				CLANG_WARN_STRICT_PROTOTYPES = YES;
				CLANG_WARN_SUSPICIOUS_MOVE = YES;
				CLANG_WARN_UNGUARDED_AVAILABILITY = YES_AGGRESSIVE;
				CLANG_WARN_UNREACHABLE_CODE = YES;
				CLANG_WARN__DUPLICATE_METHOD_MATCH = YES;
				COPY_PHASE_STRIP = NO;
				DEBUG_INFORMATION_FORMAT = dwarf;
				ENABLE_STRICT_OBJC_MSGSEND = YES;
				ENABLE_TESTABILITY = YES;
				GCC_C_LANGUAGE_STANDARD = gnu11;
				GCC_DYNAMIC_NO_PIC = NO;
				GCC_NO_COMMON_BLOCKS = YES;
				GCC_OPTIMIZATION_LEVEL = 0;
				GCC_PREPROCESSOR_DEFINITIONS = (
					"DEBUG=1",
					"$(inherited)",
				);
				GCC_WARN_64_TO_32_BIT_CONVERSION = YES;
				GCC_WARN_ABOUT_RETURN_TYPE = YES_ERROR;
				GCC_WARN_UNDECLARED_SELECTOR = YES;
				GCC_WARN_UNINITIALIZED_AUTOS = YES_AGGRESSIVE;
				GCC_WARN_UNUSED_FUNCTION = YES;
				GCC_WARN_UNUSED_VARIABLE = YES;
				IPHONEOS_DEPLOYMENT_TARGET = 13.4;
				MTL_ENABLE_DEBUG_INFO = INCLUDE_SOURCE;
				MTL_FAST_MATH = YES;
				ONLY_ACTIVE_ARCH = YES;
				SDKROOT = iphoneos;
				SWIFT_ACTIVE_COMPILATION_CONDITIONS = DEBUG;
				SWIFT_OPTIMIZATION_LEVEL = "-Onone";
			};
			name = Debug;
		};
		6417604E24403F6400B13367 /* Release */ = {
			isa = XCBuildConfiguration;
			buildSettings = {
				ALWAYS_SEARCH_USER_PATHS = NO;
				CLANG_ANALYZER_NONNULL = YES;
				CLANG_ANALYZER_NUMBER_OBJECT_CONVERSION = YES_AGGRESSIVE;
				CLANG_CXX_LANGUAGE_STANDARD = "gnu++14";
				CLANG_CXX_LIBRARY = "libc++";
				CLANG_ENABLE_MODULES = YES;
				CLANG_ENABLE_OBJC_ARC = YES;
				CLANG_ENABLE_OBJC_WEAK = YES;
				CLANG_WARN_BLOCK_CAPTURE_AUTORELEASING = YES;
				CLANG_WARN_BOOL_CONVERSION = YES;
				CLANG_WARN_COMMA = YES;
				CLANG_WARN_CONSTANT_CONVERSION = YES;
				CLANG_WARN_DEPRECATED_OBJC_IMPLEMENTATIONS = YES;
				CLANG_WARN_DIRECT_OBJC_ISA_USAGE = YES_ERROR;
				CLANG_WARN_DOCUMENTATION_COMMENTS = YES;
				CLANG_WARN_EMPTY_BODY = YES;
				CLANG_WARN_ENUM_CONVERSION = YES;
				CLANG_WARN_INFINITE_RECURSION = YES;
				CLANG_WARN_INT_CONVERSION = YES;
				CLANG_WARN_NON_LITERAL_NULL_CONVERSION = YES;
				CLANG_WARN_OBJC_IMPLICIT_RETAIN_SELF = YES;
				CLANG_WARN_OBJC_LITERAL_CONVERSION = YES;
				CLANG_WARN_OBJC_ROOT_CLASS = YES_ERROR;
				CLANG_WARN_RANGE_LOOP_ANALYSIS = YES;
				CLANG_WARN_STRICT_PROTOTYPES = YES;
				CLANG_WARN_SUSPICIOUS_MOVE = YES;
				CLANG_WARN_UNGUARDED_AVAILABILITY = YES_AGGRESSIVE;
				CLANG_WARN_UNREACHABLE_CODE = YES;
				CLANG_WARN__DUPLICATE_METHOD_MATCH = YES;
				COPY_PHASE_STRIP = NO;
				DEBUG_INFORMATION_FORMAT = "dwarf-with-dsym";
				ENABLE_NS_ASSERTIONS = NO;
				ENABLE_STRICT_OBJC_MSGSEND = YES;
				GCC_C_LANGUAGE_STANDARD = gnu11;
				GCC_NO_COMMON_BLOCKS = YES;
				GCC_WARN_64_TO_32_BIT_CONVERSION = YES;
				GCC_WARN_ABOUT_RETURN_TYPE = YES_ERROR;
				GCC_WARN_UNDECLARED_SELECTOR = YES;
				GCC_WARN_UNINITIALIZED_AUTOS = YES_AGGRESSIVE;
				GCC_WARN_UNUSED_FUNCTION = YES;
				GCC_WARN_UNUSED_VARIABLE = YES;
				IPHONEOS_DEPLOYMENT_TARGET = 13.4;
				MTL_ENABLE_DEBUG_INFO = NO;
				MTL_FAST_MATH = YES;
				SDKROOT = iphoneos;
				SWIFT_COMPILATION_MODE = wholemodule;
				SWIFT_OPTIMIZATION_LEVEL = "-O";
				VALIDATE_PRODUCT = YES;
			};
			name = Release;
		};
		6417605024403F6400B13367 /* Debug */ = {
			isa = XCBuildConfiguration;
			buildSettings = {
				ASSETCATALOG_COMPILER_APPICON_NAME = AppIcon;
				CODE_SIGN_STYLE = Automatic;
				DEVELOPMENT_TEAM = WPH2G22JF4;
				INFOPLIST_FILE = TableViewLayoutCard/Info.plist;
				LD_RUNPATH_SEARCH_PATHS = (
					"$(inherited)",
					"@executable_path/Frameworks",
				);
				PRODUCT_BUNDLE_IDENTIFIER = jp.kddilabs.sig.TableViewLayoutCard;
				PRODUCT_NAME = "$(TARGET_NAME)";
				SWIFT_VERSION = 5.0;
				TARGETED_DEVICE_FAMILY = "1,2";
			};
			name = Debug;
		};
		6417605124403F6400B13367 /* Release */ = {
			isa = XCBuildConfiguration;
			buildSettings = {
				ASSETCATALOG_COMPILER_APPICON_NAME = AppIcon;
				CODE_SIGN_STYLE = Automatic;
				DEVELOPMENT_TEAM = WPH2G22JF4;
				INFOPLIST_FILE = TableViewLayoutCard/Info.plist;
				LD_RUNPATH_SEARCH_PATHS = (
					"$(inherited)",
					"@executable_path/Frameworks",
				);
				PRODUCT_BUNDLE_IDENTIFIER = jp.kddilabs.sig.TableViewLayoutCard;
				PRODUCT_NAME = "$(TARGET_NAME)";
				SWIFT_VERSION = 5.0;
				TARGETED_DEVICE_FAMILY = "1,2";
			};
			name = Release;
		};
		6417605324403F6400B13367 /* Debug */ = {
			isa = XCBuildConfiguration;
			buildSettings = {
				ALWAYS_EMBED_SWIFT_STANDARD_LIBRARIES = YES;
				CODE_SIGN_STYLE = Automatic;
				DEVELOPMENT_TEAM = WPH2G22JF4;
				INFOPLIST_FILE = TableViewLayoutCardUITests/Info.plist;
				LD_RUNPATH_SEARCH_PATHS = (
					"$(inherited)",
					"@executable_path/Frameworks",
					"@loader_path/Frameworks",
				);
				PRODUCT_BUNDLE_IDENTIFIER = jp.kddilabs.sig.TableViewLayoutCardUITests;
				PRODUCT_NAME = "$(TARGET_NAME)";
				SWIFT_VERSION = 5.0;
				TARGETED_DEVICE_FAMILY = "1,2";
				TEST_TARGET_NAME = TableViewLayoutCard;
			};
			name = Debug;
		};
		6417605424403F6400B13367 /* Release */ = {
			isa = XCBuildConfiguration;
			buildSettings = {
				ALWAYS_EMBED_SWIFT_STANDARD_LIBRARIES = YES;
				CODE_SIGN_STYLE = Automatic;
				DEVELOPMENT_TEAM = WPH2G22JF4;
				INFOPLIST_FILE = TableViewLayoutCardUITests/Info.plist;
				LD_RUNPATH_SEARCH_PATHS = (
					"$(inherited)",
					"@executable_path/Frameworks",
					"@loader_path/Frameworks",
				);
				PRODUCT_BUNDLE_IDENTIFIER = jp.kddilabs.sig.TableViewLayoutCardUITests;
				PRODUCT_NAME = "$(TARGET_NAME)";
				SWIFT_VERSION = 5.0;
				TARGETED_DEVICE_FAMILY = "1,2";
				TEST_TARGET_NAME = TableViewLayoutCard;
			};
			name = Release;
		};
/* End XCBuildConfiguration section */

/* Begin XCConfigurationList section */
		6417602B24403F5F00B13367 /* Build configuration list for PBXProject "TableViewLayoutCard" */ = {
			isa = XCConfigurationList;
			buildConfigurations = (
				6417604D24403F6400B13367 /* Debug */,
				6417604E24403F6400B13367 /* Release */,
			);
			defaultConfigurationIsVisible = 0;
			defaultConfigurationName = Release;
		};
		6417604F24403F6400B13367 /* Build configuration list for PBXNativeTarget "TableViewLayoutCard" */ = {
			isa = XCConfigurationList;
			buildConfigurations = (
				6417605024403F6400B13367 /* Debug */,
				6417605124403F6400B13367 /* Release */,
			);
			defaultConfigurationIsVisible = 0;
			defaultConfigurationName = Release;
		};
		6417605224403F6400B13367 /* Build configuration list for PBXNativeTarget "TableViewLayoutCardUITests" */ = {
			isa = XCConfigurationList;
			buildConfigurations = (
				6417605324403F6400B13367 /* Debug */,
				6417605424403F6400B13367 /* Release */,
			);
			defaultConfigurationIsVisible = 0;
			defaultConfigurationName = Release;
		};
/* End XCConfigurationList section */
	};
	rootObject = 6417602824403F5F00B13367 /* Project object */;
}
