// !$*UTF8*$!
{
	archiveVersion = 1;
	classes = {
	};
	objectVersion = 50;
	objects = {

/* Begin PBXBuildFile section */
		63D6E26122CAF3050074802E /* AppDelegate.swift in Sources */ = {isa = PBXBuildFile; fileRef = 63D6E26022CAF3050074802E /* AppDelegate.swift */; };
		63D6E26322CAF3050074802E /* ViewController.swift in Sources */ = {isa = PBXBuildFile; fileRef = 63D6E26222CAF3050074802E /* ViewController.swift */; };
		63D6E26622CAF3050074802E /* Main.storyboard in Resources */ = {isa = PBXBuildFile; fileRef = 63D6E26422CAF3050074802E /* Main.storyboard */; };
		63D6E26822CAF3070074802E /* Assets.xcassets in Resources */ = {isa = PBXBuildFile; fileRef = 63D6E26722CAF3070074802E /* Assets.xcassets */; };
		63D6E26B22CAF3070074802E /* LaunchScreen.storyboard in Resources */ = {isa = PBXBuildFile; fileRef = 63D6E26922CAF3070074802E /* LaunchScreen.storyboard */; };
		63D6E27622CAF3070074802E /* TestGradientBackgroundViewTests.swift in Sources */ = {isa = PBXBuildFile; fileRef = 63D6E27522CAF3070074802E /* TestGradientBackgroundViewTests.swift */; };
		63D6E28222CAF3450074802E /* GradientBackgroundView.swift in Sources */ = {isa = PBXBuildFile; fileRef = 63D6E28022CAF3450074802E /* GradientBackgroundView.swift */; };
		63D6E28322CAF3450074802E /* VisualEffectView.swift in Sources */ = {isa = PBXBuildFile; fileRef = 63D6E28122CAF3450074802E /* VisualEffectView.swift */; };
		63D6E28522CAF37C0074802E /* Color.swift in Sources */ = {isa = PBXBuildFile; fileRef = 63D6E28422CAF37C0074802E /* Color.swift */; };
/* End PBXBuildFile section */

/* Begin PBXContainerItemProxy section */
		63D6E27222CAF3070074802E /* PBXContainerItemProxy */ = {
			isa = PBXContainerItemProxy;
			containerPortal = 63D6E25522CAF3050074802E /* Project object */;
			proxyType = 1;
			remoteGlobalIDString = 63D6E25C22CAF3050074802E;
			remoteInfo = TestGradientBackgroundView;
		};
/* End PBXContainerItemProxy section */

/* Begin PBXFileReference section */
		63D6E25D22CAF3050074802E /* TestGradientBackgroundView.app */ = {isa = PBXFileReference; explicitFileType = wrapper.application; includeInIndex = 0; path = TestGradientBackgroundView.app; sourceTree = BUILT_PRODUCTS_DIR; };
		63D6E26022CAF3050074802E /* AppDelegate.swift */ = {isa = PBXFileReference; lastKnownFileType = sourcecode.swift; path = AppDelegate.swift; sourceTree = "<group>"; };
		63D6E26222CAF3050074802E /* ViewController.swift */ = {isa = PBXFileReference; lastKnownFileType = sourcecode.swift; path = ViewController.swift; sourceTree = "<group>"; };
		63D6E26522CAF3050074802E /* Base */ = {isa = PBXFileReference; lastKnownFileType = file.storyboard; name = Base; path = Base.lproj/Main.storyboard; sourceTree = "<group>"; };
		63D6E26722CAF3070074802E /* Assets.xcassets */ = {isa = PBXFileReference; lastKnownFileType = folder.assetcatalog; path = Assets.xcassets; sourceTree = "<group>"; };
		63D6E26A22CAF3070074802E /* Base */ = {isa = PBXFileReference; lastKnownFileType = file.storyboard; name = Base; path = Base.lproj/LaunchScreen.storyboard; sourceTree = "<group>"; };
		63D6E26C22CAF3070074802E /* Info.plist */ = {isa = PBXFileReference; lastKnownFileType = text.plist.xml; path = Info.plist; sourceTree = "<group>"; };
		63D6E27122CAF3070074802E /* TestGradientBackgroundViewTests.xctest */ = {isa = PBXFileReference; explicitFileType = wrapper.cfbundle; includeInIndex = 0; path = TestGradientBackgroundViewTests.xctest; sourceTree = BUILT_PRODUCTS_DIR; };
		63D6E27522CAF3070074802E /* TestGradientBackgroundViewTests.swift */ = {isa = PBXFileReference; lastKnownFileType = sourcecode.swift; path = TestGradientBackgroundViewTests.swift; sourceTree = "<group>"; };
		63D6E27722CAF3070074802E /* Info.plist */ = {isa = PBXFileReference; lastKnownFileType = text.plist.xml; path = Info.plist; sourceTree = "<group>"; };
		63D6E28022CAF3450074802E /* GradientBackgroundView.swift */ = {isa = PBXFileReference; fileEncoding = 4; lastKnownFileType = sourcecode.swift; path = GradientBackgroundView.swift; sourceTree = "<group>"; };
		63D6E28122CAF3450074802E /* VisualEffectView.swift */ = {isa = PBXFileReference; fileEncoding = 4; lastKnownFileType = sourcecode.swift; path = VisualEffectView.swift; sourceTree = "<group>"; };
		63D6E28422CAF37C0074802E /* Color.swift */ = {isa = PBXFileReference; fileEncoding = 4; lastKnownFileType = sourcecode.swift; path = Color.swift; sourceTree = "<group>"; };
/* End PBXFileReference section */

/* Begin PBXFrameworksBuildPhase section */
		63D6E25A22CAF3050074802E /* Frameworks */ = {
			isa = PBXFrameworksBuildPhase;
			buildActionMask = 2147483647;
			files = (
			);
			runOnlyForDeploymentPostprocessing = 0;
		};
		63D6E26E22CAF3070074802E /* Frameworks */ = {
			isa = PBXFrameworksBuildPhase;
			buildActionMask = 2147483647;
			files = (
			);
			runOnlyForDeploymentPostprocessing = 0;
		};
/* End PBXFrameworksBuildPhase section */

/* Begin PBXGroup section */
		63D6E25422CAF3050074802E = {
			isa = PBXGroup;
			children = (
				63D6E25F22CAF3050074802E /* TestGradientBackgroundView */,
				63D6E27422CAF3070074802E /* TestGradientBackgroundViewTests */,
				63D6E25E22CAF3050074802E /* Products */,
			);
			sourceTree = "<group>";
		};
		63D6E25E22CAF3050074802E /* Products */ = {
			isa = PBXGroup;
			children = (
				63D6E25D22CAF3050074802E /* TestGradientBackgroundView.app */,
				63D6E27122CAF3070074802E /* TestGradientBackgroundViewTests.xctest */,
			);
			name = Products;
			sourceTree = "<group>";
		};
		63D6E25F22CAF3050074802E /* TestGradientBackgroundView */ = {
			isa = PBXGroup;
			children = (
				63D6E28422CAF37C0074802E /* Color.swift */,
				63D6E28022CAF3450074802E /* GradientBackgroundView.swift */,
				63D6E28122CAF3450074802E /* VisualEffectView.swift */,
				63D6E26022CAF3050074802E /* AppDelegate.swift */,
				63D6E26222CAF3050074802E /* ViewController.swift */,
				63D6E26422CAF3050074802E /* Main.storyboard */,
				63D6E26722CAF3070074802E /* Assets.xcassets */,
				63D6E26922CAF3070074802E /* LaunchScreen.storyboard */,
				63D6E26C22CAF3070074802E /* Info.plist */,
			);
			path = TestGradientBackgroundView;
			sourceTree = "<group>";
		};
		63D6E27422CAF3070074802E /* TestGradientBackgroundViewTests */ = {
			isa = PBXGroup;
			children = (
				63D6E27522CAF3070074802E /* TestGradientBackgroundViewTests.swift */,
				63D6E27722CAF3070074802E /* Info.plist */,
			);
			path = TestGradientBackgroundViewTests;
			sourceTree = "<group>";
		};
/* End PBXGroup section */

/* Begin PBXNativeTarget section */
		63D6E25C22CAF3050074802E /* TestGradientBackgroundView */ = {
			isa = PBXNativeTarget;
			buildConfigurationList = 63D6E27A22CAF3070074802E /* Build configuration list for PBXNativeTarget "TestGradientBackgroundView" */;
			buildPhases = (
				63D6E25922CAF3050074802E /* Sources */,
				63D6E25A22CAF3050074802E /* Frameworks */,
				63D6E25B22CAF3050074802E /* Resources */,
			);
			buildRules = (
			);
			dependencies = (
			);
			name = TestGradientBackgroundView;
			productName = TestGradientBackgroundView;
			productReference = 63D6E25D22CAF3050074802E /* TestGradientBackgroundView.app */;
			productType = "com.apple.product-type.application";
		};
		63D6E27022CAF3070074802E /* TestGradientBackgroundViewTests */ = {
			isa = PBXNativeTarget;
			buildConfigurationList = 63D6E27D22CAF3070074802E /* Build configuration list for PBXNativeTarget "TestGradientBackgroundViewTests" */;
			buildPhases = (
				63D6E26D22CAF3070074802E /* Sources */,
				63D6E26E22CAF3070074802E /* Frameworks */,
				63D6E26F22CAF3070074802E /* Resources */,
			);
			buildRules = (
			);
			dependencies = (
				63D6E27322CAF3070074802E /* PBXTargetDependency */,
			);
			name = TestGradientBackgroundViewTests;
			productName = TestGradientBackgroundViewTests;
			productReference = 63D6E27122CAF3070074802E /* TestGradientBackgroundViewTests.xctest */;
			productType = "com.apple.product-type.bundle.unit-test";
		};
/* End PBXNativeTarget section */

/* Begin PBXProject section */
		63D6E25522CAF3050074802E /* Project object */ = {
			isa = PBXProject;
			attributes = {
				LastSwiftUpdateCheck = 1020;
				LastUpgradeCheck = 1020;
				ORGANIZATIONNAME = fujitsu;
				TargetAttributes = {
					63D6E25C22CAF3050074802E = {
						CreatedOnToolsVersion = 10.2;
					};
					63D6E27022CAF3070074802E = {
						CreatedOnToolsVersion = 10.2;
						TestTargetID = 63D6E25C22CAF3050074802E;
					};
				};
			};
			buildConfigurationList = 63D6E25822CAF3050074802E /* Build configuration list for PBXProject "TestGradientBackgroundView" */;
			compatibilityVersion = "Xcode 9.3";
			developmentRegion = en;
			hasScannedForEncodings = 0;
			knownRegions = (
				en,
				Base,
			);
			mainGroup = 63D6E25422CAF3050074802E;
			productRefGroup = 63D6E25E22CAF3050074802E /* Products */;
			projectDirPath = "";
			projectRoot = "";
			targets = (
				63D6E25C22CAF3050074802E /* TestGradientBackgroundView */,
				63D6E27022CAF3070074802E /* TestGradientBackgroundViewTests */,
			);
		};
/* End PBXProject section */

/* Begin PBXResourcesBuildPhase section */
		63D6E25B22CAF3050074802E /* Resources */ = {
			isa = PBXResourcesBuildPhase;
			buildActionMask = 2147483647;
			files = (
				63D6E26B22CAF3070074802E /* LaunchScreen.storyboard in Resources */,
				63D6E26822CAF3070074802E /* Assets.xcassets in Resources */,
				63D6E26622CAF3050074802E /* Main.storyboard in Resources */,
			);
			runOnlyForDeploymentPostprocessing = 0;
		};
		63D6E26F22CAF3070074802E /* Resources */ = {
			isa = PBXResourcesBuildPhase;
			buildActionMask = 2147483647;
			files = (
			);
			runOnlyForDeploymentPostprocessing = 0;
		};
/* End PBXResourcesBuildPhase section */

/* Begin PBXSourcesBuildPhase section */
		63D6E25922CAF3050074802E /* Sources */ = {
			isa = PBXSourcesBuildPhase;
			buildActionMask = 2147483647;
			files = (
				63D6E28222CAF3450074802E /* GradientBackgroundView.swift in Sources */,
				63D6E28322CAF3450074802E /* VisualEffectView.swift in Sources */,
				63D6E26322CAF3050074802E /* ViewController.swift in Sources */,
				63D6E28522CAF37C0074802E /* Color.swift in Sources */,
				63D6E26122CAF3050074802E /* AppDelegate.swift in Sources */,
			);
			runOnlyForDeploymentPostprocessing = 0;
		};
		63D6E26D22CAF3070074802E /* Sources */ = {
			isa = PBXSourcesBuildPhase;
			buildActionMask = 2147483647;
			files = (
				63D6E27622CAF3070074802E /* TestGradientBackgroundViewTests.swift in Sources */,
			);
			runOnlyForDeploymentPostprocessing = 0;
		};
/* End PBXSourcesBuildPhase section */

/* Begin PBXTargetDependency section */
		63D6E27322CAF3070074802E /* PBXTargetDependency */ = {
			isa = PBXTargetDependency;
			target = 63D6E25C22CAF3050074802E /* TestGradientBackgroundView */;
			targetProxy = 63D6E27222CAF3070074802E /* PBXContainerItemProxy */;
		};
/* End PBXTargetDependency section */

/* Begin PBXVariantGroup section */
		63D6E26422CAF3050074802E /* Main.storyboard */ = {
			isa = PBXVariantGroup;
			children = (
				63D6E26522CAF3050074802E /* Base */,
			);
			name = Main.storyboard;
			sourceTree = "<group>";
		};
		63D6E26922CAF3070074802E /* LaunchScreen.storyboard */ = {
			isa = PBXVariantGroup;
			children = (
				63D6E26A22CAF3070074802E /* Base */,
			);
			name = LaunchScreen.storyboard;
			sourceTree = "<group>";
		};
/* End PBXVariantGroup section */

/* Begin XCBuildConfiguration section */
		63D6E27822CAF3070074802E /* Debug */ = {
			isa = XCBuildConfiguration;
			buildSettings = {
				ALWAYS_SEARCH_USER_PATHS = NO;
				CLANG_ANALYZER_NONNULL = YES;
				CLANG_ANALYZER_NUMBER_OBJECT_CONVERSION = YES_AGGRESSIVE;
				CLANG_CXX_LANGUAGE_STANDARD = "gnu++14";
				CLANG_CXX_LIBRARY = "libc++";
				CLANG_ENABLE_MODULES = YES;
				CLANG_ENABLE_OBJC_ARC = YES;
				CLANG_ENABLE_OBJC_WEAK = YES;
				CLANG_WARN_BLOCK_CAPTURE_AUTORELEASING = YES;
				CLANG_WARN_BOOL_CONVERSION = YES;
				CLANG_WARN_COMMA = YES;
				CLANG_WARN_CONSTANT_CONVERSION = YES;
				CLANG_WARN_DEPRECATED_OBJC_IMPLEMENTATIONS = YES;
				CLANG_WARN_DIRECT_OBJC_ISA_USAGE = YES_ERROR;
				CLANG_WARN_DOCUMENTATION_COMMENTS = YES;
				CLANG_WARN_EMPTY_BODY = YES;
				CLANG_WARN_ENUM_CONVERSION = YES;
				CLANG_WARN_INFINITE_RECURSION = YES;
				CLANG_WARN_INT_CONVERSION = YES;
				CLANG_WARN_NON_LITERAL_NULL_CONVERSION = YES;
				CLANG_WARN_OBJC_IMPLICIT_RETAIN_SELF = YES;
				CLANG_WARN_OBJC_LITERAL_CONVERSION = YES;
				CLANG_WARN_OBJC_ROOT_CLASS = YES_ERROR;
				CLANG_WARN_RANGE_LOOP_ANALYSIS = YES;
				CLANG_WARN_STRICT_PROTOTYPES = YES;
				CLANG_WARN_SUSPICIOUS_MOVE = YES;
				CLANG_WARN_UNGUARDED_AVAILABILITY = YES_AGGRESSIVE;
				CLANG_WARN_UNREACHABLE_CODE = YES;
				CLANG_WARN__DUPLICATE_METHOD_MATCH = YES;
				CODE_SIGN_IDENTITY = "iPhone Developer";
				COPY_PHASE_STRIP = NO;
				DEBUG_INFORMATION_FORMAT = dwarf;
				ENABLE_STRICT_OBJC_MSGSEND = YES;
				ENABLE_TESTABILITY = YES;
				GCC_C_LANGUAGE_STANDARD = gnu11;
				GCC_DYNAMIC_NO_PIC = NO;
				GCC_NO_COMMON_BLOCKS = YES;
				GCC_OPTIMIZATION_LEVEL = 0;
				GCC_PREPROCESSOR_DEFINITIONS = (
					"DEBUG=1",
					"$(inherited)",
				);
				GCC_WARN_64_TO_32_BIT_CONVERSION = YES;
				GCC_WARN_ABOUT_RETURN_TYPE = YES_ERROR;
				GCC_WARN_UNDECLARED_SELECTOR = YES;
				GCC_WARN_UNINITIALIZED_AUTOS = YES_AGGRESSIVE;
				GCC_WARN_UNUSED_FUNCTION = YES;
				GCC_WARN_UNUSED_VARIABLE = YES;
				IPHONEOS_DEPLOYMENT_TARGET = 12.2;
				MTL_ENABLE_DEBUG_INFO = INCLUDE_SOURCE;
				MTL_FAST_MATH = YES;
				ONLY_ACTIVE_ARCH = YES;
				SDKROOT = iphoneos;
				SWIFT_ACTIVE_COMPILATION_CONDITIONS = DEBUG;
				SWIFT_OPTIMIZATION_LEVEL = "-Onone";
			};
			name = Debug;
		};
		63D6E27922CAF3070074802E /* Release */ = {
			isa = XCBuildConfiguration;
			buildSettings = {
				ALWAYS_SEARCH_USER_PATHS = NO;
				CLANG_ANALYZER_NONNULL = YES;
				CLANG_ANALYZER_NUMBER_OBJECT_CONVERSION = YES_AGGRESSIVE;
				CLANG_CXX_LANGUAGE_STANDARD = "gnu++14";
				CLANG_CXX_LIBRARY = "libc++";
				CLANG_ENABLE_MODULES = YES;
				CLANG_ENABLE_OBJC_ARC = YES;
				CLANG_ENABLE_OBJC_WEAK = YES;
				CLANG_WARN_BLOCK_CAPTURE_AUTORELEASING = YES;
				CLANG_WARN_BOOL_CONVERSION = YES;
				CLANG_WARN_COMMA = YES;
				CLANG_WARN_CONSTANT_CONVERSION = YES;
				CLANG_WARN_DEPRECATED_OBJC_IMPLEMENTATIONS = YES;
				CLANG_WARN_DIRECT_OBJC_ISA_USAGE = YES_ERROR;
				CLANG_WARN_DOCUMENTATION_COMMENTS = YES;
				CLANG_WARN_EMPTY_BODY = YES;
				CLANG_WARN_ENUM_CONVERSION = YES;
				CLANG_WARN_INFINITE_RECURSION = YES;
				CLANG_WARN_INT_CONVERSION = YES;
				CLANG_WARN_NON_LITERAL_NULL_CONVERSION = YES;
				CLANG_WARN_OBJC_IMPLICIT_RETAIN_SELF = YES;
				CLANG_WARN_OBJC_LITERAL_CONVERSION = YES;
				CLANG_WARN_OBJC_ROOT_CLASS = YES_ERROR;
				CLANG_WARN_RANGE_LOOP_ANALYSIS = YES;
				CLANG_WARN_STRICT_PROTOTYPES = YES;
				CLANG_WARN_SUSPICIOUS_MOVE = YES;
				CLANG_WARN_UNGUARDED_AVAILABILITY = YES_AGGRESSIVE;
				CLANG_WARN_UNREACHABLE_CODE = YES;
				CLANG_WARN__DUPLICATE_METHOD_MATCH = YES;
				CODE_SIGN_IDENTITY = "iPhone Developer";
				COPY_PHASE_STRIP = NO;
				DEBUG_INFORMATION_FORMAT = "dwarf-with-dsym";
				ENABLE_NS_ASSERTIONS = NO;
				ENABLE_STRICT_OBJC_MSGSEND = YES;
				GCC_C_LANGUAGE_STANDARD = gnu11;
				GCC_NO_COMMON_BLOCKS = YES;
				GCC_WARN_64_TO_32_BIT_CONVERSION = YES;
				GCC_WARN_ABOUT_RETURN_TYPE = YES_ERROR;
				GCC_WARN_UNDECLARED_SELECTOR = YES;
				GCC_WARN_UNINITIALIZED_AUTOS = YES_AGGRESSIVE;
				GCC_WARN_UNUSED_FUNCTION = YES;
				GCC_WARN_UNUSED_VARIABLE = YES;
				IPHONEOS_DEPLOYMENT_TARGET = 12.2;
				MTL_ENABLE_DEBUG_INFO = NO;
				MTL_FAST_MATH = YES;
				SDKROOT = iphoneos;
				SWIFT_COMPILATION_MODE = wholemodule;
				SWIFT_OPTIMIZATION_LEVEL = "-O";
				VALIDATE_PRODUCT = YES;
			};
			name = Release;
		};
		63D6E27B22CAF3070074802E /* Debug */ = {
			isa = XCBuildConfiguration;
			buildSettings = {
				ASSETCATALOG_COMPILER_APPICON_NAME = AppIcon;
				CODE_SIGN_STYLE = Automatic;
				DEVELOPMENT_TEAM = G6ULHQ5XL7;
				INFOPLIST_FILE = TestGradientBackgroundView/Info.plist;
				IPHONEOS_DEPLOYMENT_TARGET = 12.0;
				LD_RUNPATH_SEARCH_PATHS = (
					"$(inherited)",
					"@executable_path/Frameworks",
				);
				PRODUCT_BUNDLE_IDENTIFIER = fuji.YuuchoBanking;
				PRODUCT_NAME = "$(TARGET_NAME)";
				SWIFT_VERSION = 5.0;
				TARGETED_DEVICE_FAMILY = "1,2";
			};
			name = Debug;
		};
		63D6E27C22CAF3070074802E /* Release */ = {
			isa = XCBuildConfiguration;
			buildSettings = {
				ASSETCATALOG_COMPILER_APPICON_NAME = AppIcon;
				CODE_SIGN_STYLE = Automatic;
				DEVELOPMENT_TEAM = G6ULHQ5XL7;
				INFOPLIST_FILE = TestGradientBackgroundView/Info.plist;
				IPHONEOS_DEPLOYMENT_TARGET = 12.0;
				LD_RUNPATH_SEARCH_PATHS = (
					"$(inherited)",
					"@executable_path/Frameworks",
				);
				PRODUCT_BUNDLE_IDENTIFIER = fuji.YuuchoBanking;
				PRODUCT_NAME = "$(TARGET_NAME)";
				SWIFT_VERSION = 5.0;
				TARGETED_DEVICE_FAMILY = "1,2";
			};
			name = Release;
		};
		63D6E27E22CAF3070074802E /* Debug */ = {
			isa = XCBuildConfiguration;
			buildSettings = {
				ALWAYS_EMBED_SWIFT_STANDARD_LIBRARIES = YES;
				BUNDLE_LOADER = "$(TEST_HOST)";
				CODE_SIGN_STYLE = Automatic;
				INFOPLIST_FILE = TestGradientBackgroundViewTests/Info.plist;
				LD_RUNPATH_SEARCH_PATHS = (
					"$(inherited)",
					"@executable_path/Frameworks",
					"@loader_path/Frameworks",
				);
				PRODUCT_BUNDLE_IDENTIFIER = fuji.TestGradientBackgroundViewTests;
				PRODUCT_NAME = "$(TARGET_NAME)";
				SWIFT_VERSION = 5.0;
				TARGETED_DEVICE_FAMILY = "1,2";
				TEST_HOST = "$(BUILT_PRODUCTS_DIR)/TestGradientBackgroundView.app/TestGradientBackgroundView";
			};
			name = Debug;
		};
		63D6E27F22CAF3070074802E /* Release */ = {
			isa = XCBuildConfiguration;
			buildSettings = {
				ALWAYS_EMBED_SWIFT_STANDARD_LIBRARIES = YES;
				BUNDLE_LOADER = "$(TEST_HOST)";
				CODE_SIGN_STYLE = Automatic;
				INFOPLIST_FILE = TestGradientBackgroundViewTests/Info.plist;
				LD_RUNPATH_SEARCH_PATHS = (
					"$(inherited)",
					"@executable_path/Frameworks",
					"@loader_path/Frameworks",
				);
				PRODUCT_BUNDLE_IDENTIFIER = fuji.TestGradientBackgroundViewTests;
				PRODUCT_NAME = "$(TARGET_NAME)";
				SWIFT_VERSION = 5.0;
				TARGETED_DEVICE_FAMILY = "1,2";
				TEST_HOST = "$(BUILT_PRODUCTS_DIR)/TestGradientBackgroundView.app/TestGradientBackgroundView";
			};
			name = Release;
		};
/* End XCBuildConfiguration section */

/* Begin XCConfigurationList section */
		63D6E25822CAF3050074802E /* Build configuration list for PBXProject "TestGradientBackgroundView" */ = {
			isa = XCConfigurationList;
			buildConfigurations = (
				63D6E27822CAF3070074802E /* Debug */,
				63D6E27922CAF3070074802E /* Release */,
			);
			defaultConfigurationIsVisible = 0;
			defaultConfigurationName = Release;
		};
		63D6E27A22CAF3070074802E /* Build configuration list for PBXNativeTarget "TestGradientBackgroundView" */ = {
			isa = XCConfigurationList;
			buildConfigurations = (
				63D6E27B22CAF3070074802E /* Debug */,
				63D6E27C22CAF3070074802E /* Release */,
			);
			defaultConfigurationIsVisible = 0;
			defaultConfigurationName = Release;
		};
		63D6E27D22CAF3070074802E /* Build configuration list for PBXNativeTarget "TestGradientBackgroundViewTests" */ = {
			isa = XCConfigurationList;
			buildConfigurations = (
				63D6E27E22CAF3070074802E /* Debug */,
				63D6E27F22CAF3070074802E /* Release */,
			);
			defaultConfigurationIsVisible = 0;
			defaultConfigurationName = Release;
		};
/* End XCConfigurationList section */
	};
	rootObject = 63D6E25522CAF3050074802E /* Project object */;
}
