// !$*UTF8*$!
{
	archiveVersion = 1;
	classes = {
	};
	objectVersion = 77;
	objects = {

/* Begin PBXContainerItemProxy section */
		5C9747752CD9A4AA00063679 /* PBXContainerItemProxy */ = {
			isa = PBXContainerItemProxy;
			containerPortal = 5C9747562CD9A4A900063679 /* Project object */;
			proxyType = 1;
			remoteGlobalIDString = 5C97475D2CD9A4A900063679;
			remoteInfo = TestingViewcontrollerNavigation;
		};
		5C97477F2CD9A4AA00063679 /* PBXContainerItemProxy */ = {
			isa = PBXContainerItemProxy;
			containerPortal = 5C9747562CD9A4A900063679 /* Project object */;
			proxyType = 1;
			remoteGlobalIDString = 5C97475D2CD9A4A900063679;
			remoteInfo = TestingViewcontrollerNavigation;
		};
/* End PBXContainerItemProxy section */

/* Begin PBXFileReference section */
		5C97475E2CD9A4A900063679 /* TestingViewcontrollerNavigation.app */ = {isa = PBXFileReference; explicitFileType = wrapper.application; includeInIndex = 0; path = TestingViewcontrollerNavigation.app; sourceTree = BUILT_PRODUCTS_DIR; };
		5C9747742CD9A4AA00063679 /* TestingViewcontrollerNavigationTests.xctest */ = {isa = PBXFileReference; explicitFileType = wrapper.cfbundle; includeInIndex = 0; path = TestingViewcontrollerNavigationTests.xctest; sourceTree = BUILT_PRODUCTS_DIR; };
		5C97477E2CD9A4AA00063679 /* TestingViewcontrollerNavigationUITests.xctest */ = {isa = PBXFileReference; explicitFileType = wrapper.cfbundle; includeInIndex = 0; path = TestingViewcontrollerNavigationUITests.xctest; sourceTree = BUILT_PRODUCTS_DIR; };
/* End PBXFileReference section */

/* Begin PBXFileSystemSynchronizedBuildFileExceptionSet section */
		5C9747862CD9A4AA00063679 /* Exceptions for "TestingViewcontrollerNavigation" folder in "TestingViewcontrollerNavigation" target */ = {
			isa = PBXFileSystemSynchronizedBuildFileExceptionSet;
			membershipExceptions = (
				Info.plist,
			);
			target = 5C97475D2CD9A4A900063679 /* TestingViewcontrollerNavigation */;
		};
/* End PBXFileSystemSynchronizedBuildFileExceptionSet section */

/* Begin PBXFileSystemSynchronizedRootGroup section */
		5C9747602CD9A4A900063679 /* TestingViewcontrollerNavigation */ = {
			isa = PBXFileSystemSynchronizedRootGroup;
			exceptions = (
				5C9747862CD9A4AA00063679 /* Exceptions for "TestingViewcontrollerNavigation" folder in "TestingViewcontrollerNavigation" target */,
			);
			path = TestingViewcontrollerNavigation;
			sourceTree = "<group>";
		};
		5C9747772CD9A4AA00063679 /* TestingViewcontrollerNavigationTests */ = {
			isa = PBXFileSystemSynchronizedRootGroup;
			path = TestingViewcontrollerNavigationTests;
			sourceTree = "<group>";
		};
		5C9747812CD9A4AA00063679 /* TestingViewcontrollerNavigationUITests */ = {
			isa = PBXFileSystemSynchronizedRootGroup;
			path = TestingViewcontrollerNavigationUITests;
			sourceTree = "<group>";
		};
/* End PBXFileSystemSynchronizedRootGroup section */

/* Begin PBXFrameworksBuildPhase section */
		5C97475B2CD9A4A900063679 /* Frameworks */ = {
			isa = PBXFrameworksBuildPhase;
			buildActionMask = 2147483647;
			files = (
			);
			runOnlyForDeploymentPostprocessing = 0;
		};
		5C9747712CD9A4AA00063679 /* Frameworks */ = {
			isa = PBXFrameworksBuildPhase;
			buildActionMask = 2147483647;
			files = (
			);
			runOnlyForDeploymentPostprocessing = 0;
		};
		5C97477B2CD9A4AA00063679 /* Frameworks */ = {
			isa = PBXFrameworksBuildPhase;
			buildActionMask = 2147483647;
			files = (
			);
			runOnlyForDeploymentPostprocessing = 0;
		};
/* End PBXFrameworksBuildPhase section */

/* Begin PBXGroup section */
		5C9747552CD9A4A900063679 = {
			isa = PBXGroup;
			children = (
				5C9747602CD9A4A900063679 /* TestingViewcontrollerNavigation */,
				5C9747772CD9A4AA00063679 /* TestingViewcontrollerNavigationTests */,
				5C9747812CD9A4AA00063679 /* TestingViewcontrollerNavigationUITests */,
				5C97475F2CD9A4A900063679 /* Products */,
			);
			sourceTree = "<group>";
		};
		5C97475F2CD9A4A900063679 /* Products */ = {
			isa = PBXGroup;
			children = (
				5C97475E2CD9A4A900063679 /* TestingViewcontrollerNavigation.app */,
				5C9747742CD9A4AA00063679 /* TestingViewcontrollerNavigationTests.xctest */,
				5C97477E2CD9A4AA00063679 /* TestingViewcontrollerNavigationUITests.xctest */,
			);
			name = Products;
			sourceTree = "<group>";
		};
/* End PBXGroup section */

/* Begin PBXNativeTarget section */
		5C97475D2CD9A4A900063679 /* TestingViewcontrollerNavigation */ = {
			isa = PBXNativeTarget;
			buildConfigurationList = 5C9747872CD9A4AA00063679 /* Build configuration list for PBXNativeTarget "TestingViewcontrollerNavigation" */;
			buildPhases = (
				5C97475A2CD9A4A900063679 /* Sources */,
				5C97475B2CD9A4A900063679 /* Frameworks */,
				5C97475C2CD9A4A900063679 /* Resources */,
			);
			buildRules = (
			);
			dependencies = (
			);
			fileSystemSynchronizedGroups = (
				5C9747602CD9A4A900063679 /* TestingViewcontrollerNavigation */,
			);
			name = TestingViewcontrollerNavigation;
			packageProductDependencies = (
			);
			productName = TestingViewcontrollerNavigation;
			productReference = 5C97475E2CD9A4A900063679 /* TestingViewcontrollerNavigation.app */;
			productType = "com.apple.product-type.application";
		};
		5C9747732CD9A4AA00063679 /* TestingViewcontrollerNavigationTests */ = {
			isa = PBXNativeTarget;
			buildConfigurationList = 5C97478C2CD9A4AA00063679 /* Build configuration list for PBXNativeTarget "TestingViewcontrollerNavigationTests" */;
			buildPhases = (
				5C9747702CD9A4AA00063679 /* Sources */,
				5C9747712CD9A4AA00063679 /* Frameworks */,
				5C9747722CD9A4AA00063679 /* Resources */,
			);
			buildRules = (
			);
			dependencies = (
				5C9747762CD9A4AA00063679 /* PBXTargetDependency */,
			);
			fileSystemSynchronizedGroups = (
				5C9747772CD9A4AA00063679 /* TestingViewcontrollerNavigationTests */,
			);
			name = TestingViewcontrollerNavigationTests;
			packageProductDependencies = (
			);
			productName = TestingViewcontrollerNavigationTests;
			productReference = 5C9747742CD9A4AA00063679 /* TestingViewcontrollerNavigationTests.xctest */;
			productType = "com.apple.product-type.bundle.unit-test";
		};
		5C97477D2CD9A4AA00063679 /* TestingViewcontrollerNavigationUITests */ = {
			isa = PBXNativeTarget;
			buildConfigurationList = 5C97478F2CD9A4AA00063679 /* Build configuration list for PBXNativeTarget "TestingViewcontrollerNavigationUITests" */;
			buildPhases = (
				5C97477A2CD9A4AA00063679 /* Sources */,
				5C97477B2CD9A4AA00063679 /* Frameworks */,
				5C97477C2CD9A4AA00063679 /* Resources */,
			);
			buildRules = (
			);
			dependencies = (
				5C9747802CD9A4AA00063679 /* PBXTargetDependency */,
			);
			fileSystemSynchronizedGroups = (
				5C9747812CD9A4AA00063679 /* TestingViewcontrollerNavigationUITests */,
			);
			name = TestingViewcontrollerNavigationUITests;
			packageProductDependencies = (
			);
			productName = TestingViewcontrollerNavigationUITests;
			productReference = 5C97477E2CD9A4AA00063679 /* TestingViewcontrollerNavigationUITests.xctest */;
			productType = "com.apple.product-type.bundle.ui-testing";
		};
/* End PBXNativeTarget section */

/* Begin PBXProject section */
		5C9747562CD9A4A900063679 /* Project object */ = {
			isa = PBXProject;
			attributes = {
				BuildIndependentTargetsInParallel = 1;
				LastSwiftUpdateCheck = 1600;
				LastUpgradeCheck = 1600;
				TargetAttributes = {
					5C97475D2CD9A4A900063679 = {
						CreatedOnToolsVersion = 16.0;
					};
					5C9747732CD9A4AA00063679 = {
						CreatedOnToolsVersion = 16.0;
						TestTargetID = 5C97475D2CD9A4A900063679;
					};
					5C97477D2CD9A4AA00063679 = {
						CreatedOnToolsVersion = 16.0;
						TestTargetID = 5C97475D2CD9A4A900063679;
					};
				};
			};
			buildConfigurationList = 5C9747592CD9A4A900063679 /* Build configuration list for PBXProject "TestingViewcontrollerNavigation" */;
			developmentRegion = en;
			hasScannedForEncodings = 0;
			knownRegions = (
				en,
				Base,
			);
			mainGroup = 5C9747552CD9A4A900063679;
			minimizedProjectReferenceProxies = 1;
			preferredProjectObjectVersion = 77;
			productRefGroup = 5C97475F2CD9A4A900063679 /* Products */;
			projectDirPath = "";
			projectRoot = "";
			targets = (
				5C97475D2CD9A4A900063679 /* TestingViewcontrollerNavigation */,
				5C9747732CD9A4AA00063679 /* TestingViewcontrollerNavigationTests */,
				5C97477D2CD9A4AA00063679 /* TestingViewcontrollerNavigationUITests */,
			);
		};
/* End PBXProject section */

/* Begin PBXResourcesBuildPhase section */
		5C97475C2CD9A4A900063679 /* Resources */ = {
			isa = PBXResourcesBuildPhase;
			buildActionMask = 2147483647;
			files = (
			);
			runOnlyForDeploymentPostprocessing = 0;
		};
		5C9747722CD9A4AA00063679 /* Resources */ = {
			isa = PBXResourcesBuildPhase;
			buildActionMask = 2147483647;
			files = (
			);
			runOnlyForDeploymentPostprocessing = 0;
		};
		5C97477C2CD9A4AA00063679 /* Resources */ = {
			isa = PBXResourcesBuildPhase;
			buildActionMask = 2147483647;
			files = (
			);
			runOnlyForDeploymentPostprocessing = 0;
		};
/* End PBXResourcesBuildPhase section */

/* Begin PBXSourcesBuildPhase section */
		5C97475A2CD9A4A900063679 /* Sources */ = {
			isa = PBXSourcesBuildPhase;
			buildActionMask = 2147483647;
			files = (
			);
			runOnlyForDeploymentPostprocessing = 0;
		};
		5C9747702CD9A4AA00063679 /* Sources */ = {
			isa = PBXSourcesBuildPhase;
			buildActionMask = 2147483647;
			files = (
			);
			runOnlyForDeploymentPostprocessing = 0;
		};
		5C97477A2CD9A4AA00063679 /* Sources */ = {
			isa = PBXSourcesBuildPhase;
			buildActionMask = 2147483647;
			files = (
			);
			runOnlyForDeploymentPostprocessing = 0;
		};
/* End PBXSourcesBuildPhase section */

/* Begin PBXTargetDependency section */
		5C9747762CD9A4AA00063679 /* PBXTargetDependency */ = {
			isa = PBXTargetDependency;
			target = 5C97475D2CD9A4A900063679 /* TestingViewcontrollerNavigation */;
			targetProxy = 5C9747752CD9A4AA00063679 /* PBXContainerItemProxy */;
		};
		5C9747802CD9A4AA00063679 /* PBXTargetDependency */ = {
			isa = PBXTargetDependency;
			target = 5C97475D2CD9A4A900063679 /* TestingViewcontrollerNavigation */;
			targetProxy = 5C97477F2CD9A4AA00063679 /* PBXContainerItemProxy */;
		};
/* End PBXTargetDependency section */

/* Begin XCBuildConfiguration section */
		5C9747882CD9A4AA00063679 /* Debug */ = {
			isa = XCBuildConfiguration;
			buildSettings = {
				ASSETCATALOG_COMPILER_APPICON_NAME = AppIcon;
				ASSETCATALOG_COMPILER_GLOBAL_ACCENT_COLOR_NAME = AccentColor;
				CODE_SIGN_STYLE = Automatic;
				CURRENT_PROJECT_VERSION = 1;
				GENERATE_INFOPLIST_FILE = YES;
				INFOPLIST_FILE = TestingViewcontrollerNavigation/Info.plist;
				INFOPLIST_KEY_UIApplicationSupportsIndirectInputEvents = YES;
				INFOPLIST_KEY_UILaunchStoryboardName = LaunchScreen;
				INFOPLIST_KEY_UIMainStoryboardFile = Main;
				INFOPLIST_KEY_UISupportedInterfaceOrientations_iPad = "UIInterfaceOrientationPortrait UIInterfaceOrientationPortraitUpsideDown UIInterfaceOrientationLandscapeLeft UIInterfaceOrientationLandscapeRight";
				INFOPLIST_KEY_UISupportedInterfaceOrientations_iPhone = "UIInterfaceOrientationPortrait UIInterfaceOrientationLandscapeLeft UIInterfaceOrientationLandscapeRight";
				LD_RUNPATH_SEARCH_PATHS = (
					"$(inherited)",
					"@executable_path/Frameworks",
				);
				MARKETING_VERSION = 1.0;
				PRODUCT_BUNDLE_IDENTIFIER = exlinct.TestingViewcontrollerNavigation;
				PRODUCT_NAME = "$(TARGET_NAME)";
				SWIFT_EMIT_LOC_STRINGS = YES;
				SWIFT_VERSION = 5.0;
				TARGETED_DEVICE_FAMILY = "1,2";
			};
			name = Debug;
		};
		5C9747892CD9A4AA00063679 /* Release */ = {
			isa = XCBuildConfiguration;
			buildSettings = {
				ASSETCATALOG_COMPILER_APPICON_NAME = AppIcon;
				ASSETCATALOG_COMPILER_GLOBAL_ACCENT_COLOR_NAME = AccentColor;
				CODE_SIGN_STYLE = Automatic;
				CURRENT_PROJECT_VERSION = 1;
				GENERATE_INFOPLIST_FILE = YES;
				INFOPLIST_FILE = TestingViewcontrollerNavigation/Info.plist;
				INFOPLIST_KEY_UIApplicationSupportsIndirectInputEvents = YES;
				INFOPLIST_KEY_UILaunchStoryboardName = LaunchScreen;
				INFOPLIST_KEY_UIMainStoryboardFile = Main;
				INFOPLIST_KEY_UISupportedInterfaceOrientations_iPad = "UIInterfaceOrientationPortrait UIInterfaceOrientationPortraitUpsideDown UIInterfaceOrientationLandscapeLeft UIInterfaceOrientationLandscapeRight";
				INFOPLIST_KEY_UISupportedInterfaceOrientations_iPhone = "UIInterfaceOrientationPortrait UIInterfaceOrientationLandscapeLeft UIInterfaceOrientationLandscapeRight";
				LD_RUNPATH_SEARCH_PATHS = (
					"$(inherited)",
					"@executable_path/Frameworks",
				);
				MARKETING_VERSION = 1.0;
				PRODUCT_BUNDLE_IDENTIFIER = exlinct.TestingViewcontrollerNavigation;
				PRODUCT_NAME = "$(TARGET_NAME)";
				SWIFT_EMIT_LOC_STRINGS = YES;
				SWIFT_VERSION = 5.0;
				TARGETED_DEVICE_FAMILY = "1,2";
			};
			name = Release;
		};
		5C97478A2CD9A4AA00063679 /* Debug */ = {
			isa = XCBuildConfiguration;
			buildSettings = {
				ALWAYS_SEARCH_USER_PATHS = NO;
				ASSETCATALOG_COMPILER_GENERATE_SWIFT_ASSET_SYMBOL_EXTENSIONS = YES;
				CLANG_ANALYZER_NONNULL = YES;
				CLANG_ANALYZER_NUMBER_OBJECT_CONVERSION = YES_AGGRESSIVE;
				CLANG_CXX_LANGUAGE_STANDARD = "gnu++20";
				CLANG_ENABLE_MODULES = YES;
				CLANG_ENABLE_OBJC_ARC = YES;
				CLANG_ENABLE_OBJC_WEAK = YES;
				CLANG_WARN_BLOCK_CAPTURE_AUTORELEASING = YES;
				CLANG_WARN_BOOL_CONVERSION = YES;
				CLANG_WARN_COMMA = YES;
				CLANG_WARN_CONSTANT_CONVERSION = YES;
				CLANG_WARN_DEPRECATED_OBJC_IMPLEMENTATIONS = YES;
				CLANG_WARN_DIRECT_OBJC_ISA_USAGE = YES_ERROR;
				CLANG_WARN_DOCUMENTATION_COMMENTS = YES;
				CLANG_WARN_EMPTY_BODY = YES;
				CLANG_WARN_ENUM_CONVERSION = YES;
				CLANG_WARN_INFINITE_RECURSION = YES;
				CLANG_WARN_INT_CONVERSION = YES;
				CLANG_WARN_NON_LITERAL_NULL_CONVERSION = YES;
				CLANG_WARN_OBJC_IMPLICIT_RETAIN_SELF = YES;
				CLANG_WARN_OBJC_LITERAL_CONVERSION = YES;
				CLANG_WARN_OBJC_ROOT_CLASS = YES_ERROR;
				CLANG_WARN_QUOTED_INCLUDE_IN_FRAMEWORK_HEADER = YES;
				CLANG_WARN_RANGE_LOOP_ANALYSIS = YES;
				CLANG_WARN_STRICT_PROTOTYPES = YES;
				CLANG_WARN_SUSPICIOUS_MOVE = YES;
				CLANG_WARN_UNGUARDED_AVAILABILITY = YES_AGGRESSIVE;
				CLANG_WARN_UNREACHABLE_CODE = YES;
				CLANG_WARN__DUPLICATE_METHOD_MATCH = YES;
				COPY_PHASE_STRIP = NO;
				DEBUG_INFORMATION_FORMAT = dwarf;
				ENABLE_STRICT_OBJC_MSGSEND = YES;
				ENABLE_TESTABILITY = YES;
				ENABLE_USER_SCRIPT_SANDBOXING = YES;
				GCC_C_LANGUAGE_STANDARD = gnu17;
				GCC_DYNAMIC_NO_PIC = NO;
				GCC_NO_COMMON_BLOCKS = YES;
				GCC_OPTIMIZATION_LEVEL = 0;
				GCC_PREPROCESSOR_DEFINITIONS = (
					"DEBUG=1",
					"$(inherited)",
				);
				GCC_WARN_64_TO_32_BIT_CONVERSION = YES;
				GCC_WARN_ABOUT_RETURN_TYPE = YES_ERROR;
				GCC_WARN_UNDECLARED_SELECTOR = YES;
				GCC_WARN_UNINITIALIZED_AUTOS = YES_AGGRESSIVE;
				GCC_WARN_UNUSED_FUNCTION = YES;
				GCC_WARN_UNUSED_VARIABLE = YES;
				IPHONEOS_DEPLOYMENT_TARGET = 18.0;
				LOCALIZATION_PREFERS_STRING_CATALOGS = YES;
				MTL_ENABLE_DEBUG_INFO = INCLUDE_SOURCE;
				MTL_FAST_MATH = YES;
				ONLY_ACTIVE_ARCH = YES;
				SDKROOT = iphoneos;
				SWIFT_ACTIVE_COMPILATION_CONDITIONS = "DEBUG $(inherited)";
				SWIFT_OPTIMIZATION_LEVEL = "-Onone";
			};
			name = Debug;
		};
		5C97478B2CD9A4AA00063679 /* Release */ = {
			isa = XCBuildConfiguration;
			buildSettings = {
				ALWAYS_SEARCH_USER_PATHS = NO;
				ASSETCATALOG_COMPILER_GENERATE_SWIFT_ASSET_SYMBOL_EXTENSIONS = YES;
				CLANG_ANALYZER_NONNULL = YES;
				CLANG_ANALYZER_NUMBER_OBJECT_CONVERSION = YES_AGGRESSIVE;
				CLANG_CXX_LANGUAGE_STANDARD = "gnu++20";
				CLANG_ENABLE_MODULES = YES;
				CLANG_ENABLE_OBJC_ARC = YES;
				CLANG_ENABLE_OBJC_WEAK = YES;
				CLANG_WARN_BLOCK_CAPTURE_AUTORELEASING = YES;
				CLANG_WARN_BOOL_CONVERSION = YES;
				CLANG_WARN_COMMA = YES;
				CLANG_WARN_CONSTANT_CONVERSION = YES;
				CLANG_WARN_DEPRECATED_OBJC_IMPLEMENTATIONS = YES;
				CLANG_WARN_DIRECT_OBJC_ISA_USAGE = YES_ERROR;
				CLANG_WARN_DOCUMENTATION_COMMENTS = YES;
				CLANG_WARN_EMPTY_BODY = YES;
				CLANG_WARN_ENUM_CONVERSION = YES;
				CLANG_WARN_INFINITE_RECURSION = YES;
				CLANG_WARN_INT_CONVERSION = YES;
				CLANG_WARN_NON_LITERAL_NULL_CONVERSION = YES;
				CLANG_WARN_OBJC_IMPLICIT_RETAIN_SELF = YES;
				CLANG_WARN_OBJC_LITERAL_CONVERSION = YES;
				CLANG_WARN_OBJC_ROOT_CLASS = YES_ERROR;
				CLANG_WARN_QUOTED_INCLUDE_IN_FRAMEWORK_HEADER = YES;
				CLANG_WARN_RANGE_LOOP_ANALYSIS = YES;
				CLANG_WARN_STRICT_PROTOTYPES = YES;
				CLANG_WARN_SUSPICIOUS_MOVE = YES;
				CLANG_WARN_UNGUARDED_AVAILABILITY = YES_AGGRESSIVE;
				CLANG_WARN_UNREACHABLE_CODE = YES;
				CLANG_WARN__DUPLICATE_METHOD_MATCH = YES;
				COPY_PHASE_STRIP = NO;
				DEBUG_INFORMATION_FORMAT = "dwarf-with-dsym";
				ENABLE_NS_ASSERTIONS = NO;
				ENABLE_STRICT_OBJC_MSGSEND = YES;
				ENABLE_USER_SCRIPT_SANDBOXING = YES;
				GCC_C_LANGUAGE_STANDARD = gnu17;
				GCC_NO_COMMON_BLOCKS = YES;
				GCC_WARN_64_TO_32_BIT_CONVERSION = YES;
				GCC_WARN_ABOUT_RETURN_TYPE = YES_ERROR;
				GCC_WARN_UNDECLARED_SELECTOR = YES;
				GCC_WARN_UNINITIALIZED_AUTOS = YES_AGGRESSIVE;
				GCC_WARN_UNUSED_FUNCTION = YES;
				GCC_WARN_UNUSED_VARIABLE = YES;
				IPHONEOS_DEPLOYMENT_TARGET = 18.0;
				LOCALIZATION_PREFERS_STRING_CATALOGS = YES;
				MTL_ENABLE_DEBUG_INFO = NO;
				MTL_FAST_MATH = YES;
				SDKROOT = iphoneos;
				SWIFT_COMPILATION_MODE = wholemodule;
				VALIDATE_PRODUCT = YES;
			};
			name = Release;
		};
		5C97478D2CD9A4AA00063679 /* Debug */ = {
			isa = XCBuildConfiguration;
			buildSettings = {
				BUNDLE_LOADER = "$(TEST_HOST)";
				CODE_SIGN_STYLE = Automatic;
				CURRENT_PROJECT_VERSION = 1;
				GENERATE_INFOPLIST_FILE = YES;
				IPHONEOS_DEPLOYMENT_TARGET = 18.0;
				MARKETING_VERSION = 1.0;
				PRODUCT_BUNDLE_IDENTIFIER = exlinct.TestingViewcontrollerNavigationTests;
				PRODUCT_NAME = "$(TARGET_NAME)";
				SWIFT_EMIT_LOC_STRINGS = NO;
				SWIFT_VERSION = 5.0;
				TARGETED_DEVICE_FAMILY = "1,2";
				TEST_HOST = "$(BUILT_PRODUCTS_DIR)/TestingViewcontrollerNavigation.app/$(BUNDLE_EXECUTABLE_FOLDER_PATH)/TestingViewcontrollerNavigation";
			};
			name = Debug;
		};
		5C97478E2CD9A4AA00063679 /* Release */ = {
			isa = XCBuildConfiguration;
			buildSettings = {
				BUNDLE_LOADER = "$(TEST_HOST)";
				CODE_SIGN_STYLE = Automatic;
				CURRENT_PROJECT_VERSION = 1;
				GENERATE_INFOPLIST_FILE = YES;
				IPHONEOS_DEPLOYMENT_TARGET = 18.0;
				MARKETING_VERSION = 1.0;
				PRODUCT_BUNDLE_IDENTIFIER = exlinct.TestingViewcontrollerNavigationTests;
				PRODUCT_NAME = "$(TARGET_NAME)";
				SWIFT_EMIT_LOC_STRINGS = NO;
				SWIFT_VERSION = 5.0;
				TARGETED_DEVICE_FAMILY = "1,2";
				TEST_HOST = "$(BUILT_PRODUCTS_DIR)/TestingViewcontrollerNavigation.app/$(BUNDLE_EXECUTABLE_FOLDER_PATH)/TestingViewcontrollerNavigation";
			};
			name = Release;
		};
		5C9747902CD9A4AA00063679 /* Debug */ = {
			isa = XCBuildConfiguration;
			buildSettings = {
				CODE_SIGN_STYLE = Automatic;
				CURRENT_PROJECT_VERSION = 1;
				GENERATE_INFOPLIST_FILE = YES;
				MARKETING_VERSION = 1.0;
				PRODUCT_BUNDLE_IDENTIFIER = exlinct.TestingViewcontrollerNavigationUITests;
				PRODUCT_NAME = "$(TARGET_NAME)";
				SWIFT_EMIT_LOC_STRINGS = NO;
				SWIFT_VERSION = 5.0;
				TARGETED_DEVICE_FAMILY = "1,2";
				TEST_TARGET_NAME = TestingViewcontrollerNavigation;
			};
			name = Debug;
		};
		5C9747912CD9A4AA00063679 /* Release */ = {
			isa = XCBuildConfiguration;
			buildSettings = {
				CODE_SIGN_STYLE = Automatic;
				CURRENT_PROJECT_VERSION = 1;
				GENERATE_INFOPLIST_FILE = YES;
				MARKETING_VERSION = 1.0;
				PRODUCT_BUNDLE_IDENTIFIER = exlinct.TestingViewcontrollerNavigationUITests;
				PRODUCT_NAME = "$(TARGET_NAME)";
				SWIFT_EMIT_LOC_STRINGS = NO;
				SWIFT_VERSION = 5.0;
				TARGETED_DEVICE_FAMILY = "1,2";
				TEST_TARGET_NAME = TestingViewcontrollerNavigation;
			};
			name = Release;
		};
/* End XCBuildConfiguration section */

/* Begin XCConfigurationList section */
		5C9747592CD9A4A900063679 /* Build configuration list for PBXProject "TestingViewcontrollerNavigation" */ = {
			isa = XCConfigurationList;
			buildConfigurations = (
				5C97478A2CD9A4AA00063679 /* Debug */,
				5C97478B2CD9A4AA00063679 /* Release */,
			);
			defaultConfigurationIsVisible = 0;
			defaultConfigurationName = Release;
		};
		5C9747872CD9A4AA00063679 /* Build configuration list for PBXNativeTarget "TestingViewcontrollerNavigation" */ = {
			isa = XCConfigurationList;
			buildConfigurations = (
				5C9747882CD9A4AA00063679 /* Debug */,
				5C9747892CD9A4AA00063679 /* Release */,
			);
			defaultConfigurationIsVisible = 0;
			defaultConfigurationName = Release;
		};
		5C97478C2CD9A4AA00063679 /* Build configuration list for PBXNativeTarget "TestingViewcontrollerNavigationTests" */ = {
			isa = XCConfigurationList;
			buildConfigurations = (
				5C97478D2CD9A4AA00063679 /* Debug */,
				5C97478E2CD9A4AA00063679 /* Release */,
			);
			defaultConfigurationIsVisible = 0;
			defaultConfigurationName = Release;
		};
		5C97478F2CD9A4AA00063679 /* Build configuration list for PBXNativeTarget "TestingViewcontrollerNavigationUITests" */ = {
			isa = XCConfigurationList;
			buildConfigurations = (
				5C9747902CD9A4AA00063679 /* Debug */,
				5C9747912CD9A4AA00063679 /* Release */,
			);
			defaultConfigurationIsVisible = 0;
			defaultConfigurationName = Release;
		};
/* End XCConfigurationList section */
	};
	rootObject = 5C9747562CD9A4A900063679 /* Project object */;
}
